// !$*UTF8*$!
{
	archiveVersion = 1;
	classes = {
	};
	objectVersion = 50;
	objects = {

/* Begin PBXBuildFile section */
		3A0CD5CD223AA84200D0A4FE /* AppDelegate.swift in Sources */ = {isa = PBXBuildFile; fileRef = 3A0CD5CC223AA84200D0A4FE /* AppDelegate.swift */; };
		3A0CD5CF223AA84200D0A4FE /* ViewController.swift in Sources */ = {isa = PBXBuildFile; fileRef = 3A0CD5CE223AA84200D0A4FE /* ViewController.swift */; };
		3A0CD5D2223AA84200D0A4FE /* Main.storyboard in Resources */ = {isa = PBXBuildFile; fileRef = 3A0CD5D0223AA84200D0A4FE /* Main.storyboard */; };
		3A0CD5D4223AA84300D0A4FE /* Assets.xcassets in Resources */ = {isa = PBXBuildFile; fileRef = 3A0CD5D3223AA84300D0A4FE /* Assets.xcassets */; };
		3A0CD5D7223AA84300D0A4FE /* LaunchScreen.storyboard in Resources */ = {isa = PBXBuildFile; fileRef = 3A0CD5D5223AA84300D0A4FE /* LaunchScreen.storyboard */; };
		3A0CD5E0223AAA1900D0A4FE /* libpowersoftau.a in Frameworks */ = {isa = PBXBuildFile; fileRef = 3A0CD5DF223AAA1900D0A4FE /* libpowersoftau.a */; };
		3A0CD5E2223AAA2500D0A4FE /* libresolv.tbd in Frameworks */ = {isa = PBXBuildFile; fileRef = 3A0CD5E1223AAA2500D0A4FE /* libresolv.tbd */; };
/* End PBXBuildFile section */

/* Begin PBXFileReference section */
		3A0CD5C9223AA84200D0A4FE /* PowersOfTau.app */ = {isa = PBXFileReference; explicitFileType = wrapper.application; includeInIndex = 0; path = PowersOfTau.app; sourceTree = BUILT_PRODUCTS_DIR; };
		3A0CD5CC223AA84200D0A4FE /* AppDelegate.swift */ = {isa = PBXFileReference; lastKnownFileType = sourcecode.swift; path = AppDelegate.swift; sourceTree = "<group>"; };
		3A0CD5CE223AA84200D0A4FE /* ViewController.swift */ = {isa = PBXFileReference; lastKnownFileType = sourcecode.swift; path = ViewController.swift; sourceTree = "<group>"; };
		3A0CD5D1223AA84200D0A4FE /* Base */ = {isa = PBXFileReference; lastKnownFileType = file.storyboard; name = Base; path = Base.lproj/Main.storyboard; sourceTree = "<group>"; };
		3A0CD5D3223AA84300D0A4FE /* Assets.xcassets */ = {isa = PBXFileReference; lastKnownFileType = folder.assetcatalog; path = Assets.xcassets; sourceTree = "<group>"; };
		3A0CD5D6223AA84300D0A4FE /* Base */ = {isa = PBXFileReference; lastKnownFileType = file.storyboard; name = Base; path = Base.lproj/LaunchScreen.storyboard; sourceTree = "<group>"; };
		3A0CD5D8223AA84300D0A4FE /* Info.plist */ = {isa = PBXFileReference; lastKnownFileType = text.plist.xml; path = Info.plist; sourceTree = "<group>"; };
		3A0CD5DF223AAA1900D0A4FE /* libpowersoftau.a */ = {isa = PBXFileReference; lastKnownFileType = archive.ar; name = libpowersoftau.a; path = ../../cargo/target/universal/release/libpowersoftau.a; sourceTree = "<group>"; };
		3A0CD5E1223AAA2500D0A4FE /* libresolv.tbd */ = {isa = PBXFileReference; lastKnownFileType = "sourcecode.text-based-dylib-definition"; name = libresolv.tbd; path = usr/lib/libresolv.tbd; sourceTree = SDKROOT; };
		3A0CD5E3223AAA5800D0A4FE /* PowersOfTau-Bridging-Header.h */ = {isa = PBXFileReference; lastKnownFileType = sourcecode.c.h; path = "PowersOfTau-Bridging-Header.h"; sourceTree = "<group>"; };
/* End PBXFileReference section */

/* Begin PBXFrameworksBuildPhase section */
		3A0CD5C6223AA84200D0A4FE /* Frameworks */ = {
			isa = PBXFrameworksBuildPhase;
			buildActionMask = 2147483647;
			files = (
				3A0CD5E2223AAA2500D0A4FE /* libresolv.tbd in Frameworks */,
				3A0CD5E0223AAA1900D0A4FE /* libpowersoftau.a in Frameworks */,
			);
			runOnlyForDeploymentPostprocessing = 0;
		};
/* End PBXFrameworksBuildPhase section */

/* Begin PBXGroup section */
		3A0CD5C0223AA84200D0A4FE = {
			isa = PBXGroup;
			children = (
				3A0CD5CB223AA84200D0A4FE /* PowersOfTau */,
				3A0CD5CA223AA84200D0A4FE /* Products */,
				3A0CD5DE223AAA1900D0A4FE /* Frameworks */,
			);
			sourceTree = "<group>";
		};
		3A0CD5CA223AA84200D0A4FE /* Products */ = {
			isa = PBXGroup;
			children = (
				3A0CD5C9223AA84200D0A4FE /* PowersOfTau.app */,
			);
			name = Products;
			sourceTree = "<group>";
		};
		3A0CD5CB223AA84200D0A4FE /* PowersOfTau */ = {
			isa = PBXGroup;
			children = (
				3A0CD5CC223AA84200D0A4FE /* AppDelegate.swift */,
				3A0CD5E3223AAA5800D0A4FE /* PowersOfTau-Bridging-Header.h */,
				3A0CD5CE223AA84200D0A4FE /* ViewController.swift */,
				3A0CD5D0223AA84200D0A4FE /* Main.storyboard */,
				3A0CD5D3223AA84300D0A4FE /* Assets.xcassets */,
				3A0CD5D5223AA84300D0A4FE /* LaunchScreen.storyboard */,
				3A0CD5D8223AA84300D0A4FE /* Info.plist */,
			);
			path = PowersOfTau;
			sourceTree = "<group>";
		};
		3A0CD5DE223AAA1900D0A4FE /* Frameworks */ = {
			isa = PBXGroup;
			children = (
				3A0CD5E1223AAA2500D0A4FE /* libresolv.tbd */,
				3A0CD5DF223AAA1900D0A4FE /* libpowersoftau.a */,
			);
			name = Frameworks;
			sourceTree = "<group>";
		};
/* End PBXGroup section */

/* Begin PBXNativeTarget section */
		3A0CD5C8223AA84200D0A4FE /* PowersOfTau */ = {
			isa = PBXNativeTarget;
			buildConfigurationList = 3A0CD5DB223AA84300D0A4FE /* Build configuration list for PBXNativeTarget "PowersOfTau" */;
			buildPhases = (
				3A0CD5C5223AA84200D0A4FE /* Sources */,
				3A0CD5C6223AA84200D0A4FE /* Frameworks */,
				3A0CD5C7223AA84200D0A4FE /* Resources */,
			);
			buildRules = (
			);
			dependencies = (
			);
			name = PowersOfTau;
			productName = PowersOfTau;
			productReference = 3A0CD5C9223AA84200D0A4FE /* PowersOfTau.app */;
			productType = "com.apple.product-type.application";
		};
/* End PBXNativeTarget section */

/* Begin PBXProject section */
		3A0CD5C1223AA84200D0A4FE /* Project object */ = {
			isa = PBXProject;
			attributes = {
				LastSwiftUpdateCheck = 1010;
				LastUpgradeCheck = 1010;
				ORGANIZATIONNAME = TheMatter;
				TargetAttributes = {
					3A0CD5C8223AA84200D0A4FE = {
						CreatedOnToolsVersion = 10.1;
					};
				};
			};
			buildConfigurationList = 3A0CD5C4223AA84200D0A4FE /* Build configuration list for PBXProject "PowersOfTau" */;
			compatibilityVersion = "Xcode 9.3";
			developmentRegion = en;
			hasScannedForEncodings = 0;
			knownRegions = (
				en,
				Base,
			);
			mainGroup = 3A0CD5C0223AA84200D0A4FE;
			productRefGroup = 3A0CD5CA223AA84200D0A4FE /* Products */;
			projectDirPath = "";
			projectRoot = "";
			targets = (
				3A0CD5C8223AA84200D0A4FE /* PowersOfTau */,
			);
		};
/* End PBXProject section */

/* Begin PBXResourcesBuildPhase section */
		3A0CD5C7223AA84200D0A4FE /* Resources */ = {
			isa = PBXResourcesBuildPhase;
			buildActionMask = 2147483647;
			files = (
				3A0CD5D7223AA84300D0A4FE /* LaunchScreen.storyboard in Resources */,
				3A0CD5D4223AA84300D0A4FE /* Assets.xcassets in Resources */,
				3A0CD5D2223AA84200D0A4FE /* Main.storyboard in Resources */,
			);
			runOnlyForDeploymentPostprocessing = 0;
		};
/* End PBXResourcesBuildPhase section */

/* Begin PBXSourcesBuildPhase section */
		3A0CD5C5223AA84200D0A4FE /* Sources */ = {
			isa = PBXSourcesBuildPhase;
			buildActionMask = 2147483647;
			files = (
				3A0CD5CF223AA84200D0A4FE /* ViewController.swift in Sources */,
				3A0CD5CD223AA84200D0A4FE /* AppDelegate.swift in Sources */,
			);
			runOnlyForDeploymentPostprocessing = 0;
		};
/* End PBXSourcesBuildPhase section */

/* Begin PBXVariantGroup section */
		3A0CD5D0223AA84200D0A4FE /* Main.storyboard */ = {
			isa = PBXVariantGroup;
			children = (
				3A0CD5D1223AA84200D0A4FE /* Base */,
			);
			name = Main.storyboard;
			sourceTree = "<group>";
		};
		3A0CD5D5223AA84300D0A4FE /* LaunchScreen.storyboard */ = {
			isa = PBXVariantGroup;
			children = (
				3A0CD5D6223AA84300D0A4FE /* Base */,
			);
			name = LaunchScreen.storyboard;
			sourceTree = "<group>";
		};
/* End PBXVariantGroup section */

/* Begin XCBuildConfiguration section */
		3A0CD5D9223AA84300D0A4FE /* Debug */ = {
			isa = XCBuildConfiguration;
			buildSettings = {
				ALWAYS_SEARCH_USER_PATHS = NO;
				CLANG_ANALYZER_NONNULL = YES;
				CLANG_ANALYZER_NUMBER_OBJECT_CONVERSION = YES_AGGRESSIVE;
				CLANG_CXX_LANGUAGE_STANDARD = "gnu++14";
				CLANG_CXX_LIBRARY = "libc++";
				CLANG_ENABLE_MODULES = YES;
				CLANG_ENABLE_OBJC_ARC = YES;
				CLANG_ENABLE_OBJC_WEAK = YES;
				CLANG_WARN_BLOCK_CAPTURE_AUTORELEASING = YES;
				CLANG_WARN_BOOL_CONVERSION = YES;
				CLANG_WARN_COMMA = YES;
				CLANG_WARN_CONSTANT_CONVERSION = YES;
				CLANG_WARN_DEPRECATED_OBJC_IMPLEMENTATIONS = YES;
				CLANG_WARN_DIRECT_OBJC_ISA_USAGE = YES_ERROR;
				CLANG_WARN_DOCUMENTATION_COMMENTS = YES;
				CLANG_WARN_EMPTY_BODY = YES;
				CLANG_WARN_ENUM_CONVERSION = YES;
				CLANG_WARN_INFINITE_RECURSION = YES;
				CLANG_WARN_INT_CONVERSION = YES;
				CLANG_WARN_NON_LITERAL_NULL_CONVERSION = YES;
				CLANG_WARN_OBJC_IMPLICIT_RETAIN_SELF = YES;
				CLANG_WARN_OBJC_LITERAL_CONVERSION = YES;
				CLANG_WARN_OBJC_ROOT_CLASS = YES_ERROR;
				CLANG_WARN_RANGE_LOOP_ANALYSIS = YES;
				CLANG_WARN_STRICT_PROTOTYPES = YES;
				CLANG_WARN_SUSPICIOUS_MOVE = YES;
				CLANG_WARN_UNGUARDED_AVAILABILITY = YES_AGGRESSIVE;
				CLANG_WARN_UNREACHABLE_CODE = YES;
				CLANG_WARN__DUPLICATE_METHOD_MATCH = YES;
				CODE_SIGN_IDENTITY = "iPhone Developer";
				COPY_PHASE_STRIP = NO;
				DEBUG_INFORMATION_FORMAT = dwarf;
				ENABLE_STRICT_OBJC_MSGSEND = YES;
				ENABLE_TESTABILITY = YES;
				GCC_C_LANGUAGE_STANDARD = gnu11;
				GCC_DYNAMIC_NO_PIC = NO;
				GCC_NO_COMMON_BLOCKS = YES;
				GCC_OPTIMIZATION_LEVEL = 0;
				GCC_PREPROCESSOR_DEFINITIONS = (
					"DEBUG=1",
					"$(inherited)",
				);
				GCC_WARN_64_TO_32_BIT_CONVERSION = YES;
				GCC_WARN_ABOUT_RETURN_TYPE = YES_ERROR;
				GCC_WARN_UNDECLARED_SELECTOR = YES;
				GCC_WARN_UNINITIALIZED_AUTOS = YES_AGGRESSIVE;
				GCC_WARN_UNUSED_FUNCTION = YES;
				GCC_WARN_UNUSED_VARIABLE = YES;
				IPHONEOS_DEPLOYMENT_TARGET = 12.1;
				MTL_ENABLE_DEBUG_INFO = INCLUDE_SOURCE;
				MTL_FAST_MATH = YES;
				ONLY_ACTIVE_ARCH = YES;
				SDKROOT = iphoneos;
				SWIFT_ACTIVE_COMPILATION_CONDITIONS = DEBUG;
				SWIFT_OPTIMIZATION_LEVEL = "-Onone";
			};
			name = Debug;
		};
		3A0CD5DA223AA84300D0A4FE /* Release */ = {
			isa = XCBuildConfiguration;
			buildSettings = {
				ALWAYS_SEARCH_USER_PATHS = NO;
				CLANG_ANALYZER_NONNULL = YES;
				CLANG_ANALYZER_NUMBER_OBJECT_CONVERSION = YES_AGGRESSIVE;
				CLANG_CXX_LANGUAGE_STANDARD = "gnu++14";
				CLANG_CXX_LIBRARY = "libc++";
				CLANG_ENABLE_MODULES = YES;
				CLANG_ENABLE_OBJC_ARC = YES;
				CLANG_ENABLE_OBJC_WEAK = YES;
				CLANG_WARN_BLOCK_CAPTURE_AUTORELEASING = YES;
				CLANG_WARN_BOOL_CONVERSION = YES;
				CLANG_WARN_COMMA = YES;
				CLANG_WARN_CONSTANT_CONVERSION = YES;
				CLANG_WARN_DEPRECATED_OBJC_IMPLEMENTATIONS = YES;
				CLANG_WARN_DIRECT_OBJC_ISA_USAGE = YES_ERROR;
				CLANG_WARN_DOCUMENTATION_COMMENTS = YES;
				CLANG_WARN_EMPTY_BODY = YES;
				CLANG_WARN_ENUM_CONVERSION = YES;
				CLANG_WARN_INFINITE_RECURSION = YES;
				CLANG_WARN_INT_CONVERSION = YES;
				CLANG_WARN_NON_LITERAL_NULL_CONVERSION = YES;
				CLANG_WARN_OBJC_IMPLICIT_RETAIN_SELF = YES;
				CLANG_WARN_OBJC_LITERAL_CONVERSION = YES;
				CLANG_WARN_OBJC_ROOT_CLASS = YES_ERROR;
				CLANG_WARN_RANGE_LOOP_ANALYSIS = YES;
				CLANG_WARN_STRICT_PROTOTYPES = YES;
				CLANG_WARN_SUSPICIOUS_MOVE = YES;
				CLANG_WARN_UNGUARDED_AVAILABILITY = YES_AGGRESSIVE;
				CLANG_WARN_UNREACHABLE_CODE = YES;
				CLANG_WARN__DUPLICATE_METHOD_MATCH = YES;
				CODE_SIGN_IDENTITY = "iPhone Developer";
				COPY_PHASE_STRIP = NO;
				DEBUG_INFORMATION_FORMAT = "dwarf-with-dsym";
				ENABLE_NS_ASSERTIONS = NO;
				ENABLE_STRICT_OBJC_MSGSEND = YES;
				GCC_C_LANGUAGE_STANDARD = gnu11;
				GCC_NO_COMMON_BLOCKS = YES;
				GCC_WARN_64_TO_32_BIT_CONVERSION = YES;
				GCC_WARN_ABOUT_RETURN_TYPE = YES_ERROR;
				GCC_WARN_UNDECLARED_SELECTOR = YES;
				GCC_WARN_UNINITIALIZED_AUTOS = YES_AGGRESSIVE;
				GCC_WARN_UNUSED_FUNCTION = YES;
				GCC_WARN_UNUSED_VARIABLE = YES;
				IPHONEOS_DEPLOYMENT_TARGET = 12.1;
				MTL_ENABLE_DEBUG_INFO = NO;
				MTL_FAST_MATH = YES;
				SDKROOT = iphoneos;
				SWIFT_COMPILATION_MODE = wholemodule;
				SWIFT_OPTIMIZATION_LEVEL = "-O";
				VALIDATE_PRODUCT = YES;
			};
			name = Release;
		};
		3A0CD5DC223AA84300D0A4FE /* Debug */ = {
			isa = XCBuildConfiguration;
			buildSettings = {
				ASSETCATALOG_COMPILER_APPICON_NAME = AppIcon;
				CODE_SIGN_STYLE = Automatic;
				DEVELOPMENT_TEAM = 8DB897QKJA;
				INFOPLIST_FILE = PowersOfTau/Info.plist;
				LD_RUNPATH_SEARCH_PATHS = (
					"$(inherited)",
					"@executable_path/Frameworks",
				);
				LIBRARY_SEARCH_PATHS = "$(PROJECT_DIR)/../../cargo/target/universal/release";
				PRODUCT_BUNDLE_IDENTIFIER = "inc.matter-labs.PowersOfTau";
				PRODUCT_NAME = "$(TARGET_NAME)";
				SWIFT_OBJC_BRIDGING_HEADER = "$(PROJECT_DIR)/PowersOfTau/PowersOfTau-Bridging-Header.h";
				SWIFT_VERSION = 4.2;
				TARGETED_DEVICE_FAMILY = "1,2";
			};
			name = Debug;
		};
		3A0CD5DD223AA84300D0A4FE /* Release */ = {
			isa = XCBuildConfiguration;
			buildSettings = {
				ASSETCATALOG_COMPILER_APPICON_NAME = AppIcon;
				CODE_SIGN_STYLE = Automatic;
				DEVELOPMENT_TEAM = 8DB897QKJA;
				INFOPLIST_FILE = PowersOfTau/Info.plist;
				LD_RUNPATH_SEARCH_PATHS = (
					"$(inherited)",
					"@executable_path/Frameworks",
				);
				LIBRARY_SEARCH_PATHS = "$(PROJECT_DIR)/../../cargo/target/universal/release";
				PRODUCT_BUNDLE_IDENTIFIER = "inc.matter-labs.PowersOfTau";
				PRODUCT_NAME = "$(TARGET_NAME)";
				SWIFT_OBJC_BRIDGING_HEADER = "$(PROJECT_DIR)/PowersOfTau/PowersOfTau-Bridging-Header.h";
				SWIFT_VERSION = 4.2;
				TARGETED_DEVICE_FAMILY = "1,2";
			};
			name = Release;
		};
/* End XCBuildConfiguration section */

/* Begin XCConfigurationList section */
		3A0CD5C4223AA84200D0A4FE /* Build configuration list for PBXProject "PowersOfTau" */ = {
			isa = XCConfigurationList;
			buildConfigurations = (
				3A0CD5D9223AA84300D0A4FE /* Debug */,
				3A0CD5DA223AA84300D0A4FE /* Release */,
			);
			defaultConfigurationIsVisible = 0;
			defaultConfigurationName = Release;
		};
		3A0CD5DB223AA84300D0A4FE /* Build configuration list for PBXNativeTarget "PowersOfTau" */ = {
			isa = XCConfigurationList;
			buildConfigurations = (
				3A0CD5DC223AA84300D0A4FE /* Debug */,
				3A0CD5DD223AA84300D0A4FE /* Release */,
			);
			defaultConfigurationIsVisible = 0;
			defaultConfigurationName = Release;
		};
/* End XCConfigurationList section */
	};
	rootObject = 3A0CD5C1223AA84200D0A4FE /* Project object */;
}
